# @generated by Move, please check-in and do not edit manually.

[move]
version = 2
manifest_digest = "44AB53D2BA86A7F71CFC9E201A839AE876421222DCF288E72A9EEB57F99A5189"
deps_digest = "F8BBB0CCB2491CA29A3DF03D6F92277A4F3574266507ACD77214D37ECA3F3082"
dependencies = [
  { name = "Sui" },
]

[[move.package]]
name = "MoveStdlib"
source = { git = "https://github.com/MystenLabs/sui.git", rev = "mainnet", subdir = "crates/sui-framework/packages/move-stdlib" }

[[move.package]]
name = "Sui"
source = { git = "https://github.com/MystenLabs/sui.git", rev = "mainnet", subdir = "crates/sui-framework/packages/sui-framework" }

dependencies = [
  { name = "MoveStdlib" },
]

[move.toolchain-version]
compiler-version = "1.23.1"
edition = "2024.beta"
flavor = "sui"

[env]

[env.mainnet]
chain-id = "35834a8a"
original-published-id = "0xa815b831a8f62e5511f304b7e8c047002e50e1084be5315dfb408a574bf0dc3f"
latest-published-id = "0xa815b831a8f62e5511f304b7e8c047002e50e1084be5315dfb408a574bf0dc3f"
published-version = "1"
